
Microsoft Visual Studio Solution File, Format Version 12.00
# Visual Studio Version 17
VisualStudioVersion = 17.3.32901.215
MinimumVisualStudioVersion = 10.0.40219.1
Project("{FAE04EC0-301F-11D3-BF4B-00C04F79EFBC}") = "list n96", "list n96\list n96.csproj", "{AAE2865E-C249-459E-AF76-4193ACB1CEB7}"
EndProject
Global
	GlobalSection(SolutionConfigurationPlatforms) = preSolution
		Debug|Any CPU = Debug|Any CPU
		Release|Any CPU = Release|Any CPU
	EndGlobalSection
	GlobalSection(ProjectConfigurationPlatforms) = postSolution
		{AAE2865E-C249-459E-AF76-4193ACB1CEB7}.Debug|Any CPU.ActiveCfg = Debug|Any CPU
		{AAE2865E-C249-459E-AF76-4193ACB1CEB7}.Debug|Any CPU.Build.0 = Debug|Any CPU
		{AAE2865E-C249-459E-AF76-4193ACB1CEB7}.Release|Any CPU.ActiveCfg = Release|Any CPU
		{AAE2865E-C249-459E-AF76-4193ACB1CEB7}.Release|Any CPU.Build.0 = Release|Any CPU
	EndGlobalSection
	GlobalSection(SolutionProperties) = preSolution
		HideSolutionNode = FALSE
	EndGlobalSection
	GlobalSection(ExtensibilityGlobals) = postSolution
		SolutionGuid = {91E06A4E-AA53-441F-BC79-020C50784257}
	EndGlobalSection
EndGlobal
